{
  "name": "ecommerce-task",
  "version": "1.0.0",
  "lockfileVersion": 3,
  "requires": true,
  "packages": {
    "": {
      "name": "ecommerce-task",
      "version": "1.0.0",
      "license": "ISC",
      "dependencies": {
        "geolocation-distance-between": "^0.1.0",
        "lodash": "^4.17.21"
      }
    },
    "node_modules/geolocation-distance-between": {
      "version": "0.1.0",
      "resolved": "https://registry.npmjs.org/geolocation-distance-between/-/geolocation-distance-between-0.1.0.tgz",
      "integrity": "sha512-gwPRtU+bzrZvh7LDBNkyVi9/jxW5kbuF1MkAmt+cfx9vsfy5EZaID6XEeF2VxELct+8yfafSMAqFVifsq8QURA=="
    },
    "node_modules/lodash": {
      "version": "4.17.21",
      "resolved": "https://registry.npmjs.org/lodash/-/lodash-4.17.21.tgz",
      "integrity": "sha512-v2kDEe57lecTulaDIuNTPy3Ry4gLGJ6Z1O3vE1krgXZNrsQ+LFTGHVxVjcXPs17LhbZVGedAJv8XZ1tvj5FvSg=="
    }
  }
}
